// !$*UTF8*$!
{
	archiveVersion = 1;
	classes = {
	};
	objectVersion = 46;
	objects = {

/* Begin PBXFileReference section */
		37E36EF21AD47DDF00526949 /* FromTWLBall */ = {isa = PBXFileReference; lastKnownFileType = text; path = FromTWLBall; sourceTree = "<group>"; };
		37E36EF31AD47DF700526949 /* TWLMagicTendril.m */ = {isa = PBXFileReference; lastKnownFileType = sourcecode.c.objc; path = TWLMagicTendril.m; sourceTree = "<group>"; };
		37E36EF41AD47E0100526949 /* TWLMagicTendril.h */ = {isa = PBXFileReference; lastKnownFileType = sourcecode.c.h; path = TWLMagicTendril.h; sourceTree = "<group>"; };
/* End PBXFileReference section */

/* Begin PBXGroup section */
		37E36EEB1AD47D5C00526949 = {
			isa = PBXGroup;
			children = (
				37E36EF21AD47DDF00526949 /* FromTWLBall */,
				37E36EF31AD47DF700526949 /* TWLMagicTendril.m */,
				37E36EF41AD47E0100526949 /* TWLMagicTendril.h */,
			);
			sourceTree = "<group>";
		};
/* End PBXGroup section */

/* Begin PBXProject section */
		37E36EEC1AD47D5C00526949 /* Project object */ = {
			isa = PBXProject;
			attributes = {
				LastUpgradeCheck = 0620;
			};
			buildConfigurationList = 37E36EEF1AD47D5C00526949 /* Build configuration list for PBXProject "GOOTendril" */;
			compatibilityVersion = "Xcode 3.2";
			developmentRegion = English;
			hasScannedForEncodings = 0;
			knownRegions = (
				en,
			);
			mainGroup = 37E36EEB1AD47D5C00526949;
			projectDirPath = "";
			projectRoot = "";
			targets = (
			);
		};
/* End PBXProject section */

/* Begin XCBuildConfiguration section */
		37E36EF01AD47D5C00526949 /* Debug */ = {
			isa = XCBuildConfiguration;
			buildSettings = {
			};
			name = Debug;
		};
		37E36EF11AD47D5C00526949 /* Release */ = {
			isa = XCBuildConfiguration;
			buildSettings = {
			};
			name = Release;
		};
/* End XCBuildConfiguration section */

/* Begin XCConfigurationList section */
		37E36EEF1AD47D5C00526949 /* Build configuration list for PBXProject "GOOTendril" */ = {
			isa = XCConfigurationList;
			buildConfigurations = (
				37E36EF01AD47D5C00526949 /* Debug */,
				37E36EF11AD47D5C00526949 /* Release */,
			);
			defaultConfigurationIsVisible = 0;
			defaultConfigurationName = Release;
		};
/* End XCConfigurationList section */
	};
	rootObject = 37E36EEC1AD47D5C00526949 /* Project object */;
}
